{
  "version": 4,
  "terraform_version": "1.9.8",
  "serial": 4,
  "lineage": "6147117a-95f8-2be2-c0b8-3351de177a84",
  "outputs": {
    "boot_disk_name": {
      "value": "xpla002",
      "type": "string"
    },
    "data_disk_name": {
      "value": "xplachain001",
      "type": "string"
    },
    "instance_name": {
      "value": "xpla002",
      "type": "string"
    }
  },
  "resources": [
    {
      "mode": "data",
      "type": "google_project",
      "name": "project",
      "provider": "provider[\"registry.terraform.io/hashicorp/google\"]",
      "instances": [
        {
          "schema_version": 0,
          "attributes": {
            "auto_create_network": null,
            "billing_account": "0148CA-36F05F-1B60D6",
            "folder_id": "",
            "id": "projects/xpla-371616",
            "labels": {},
            "name": "xpla",
            "number": "522602868666",
            "org_id": "282576775265",
            "project_id": "xpla-371616",
            "skip_delete": null
          },
          "sensitive_attributes": []
        }
      ]
    },
    {
      "mode": "managed",
      "type": "google_compute_disk",
      "name": "boot_disk",
      "provider": "provider[\"registry.terraform.io/hashicorp/google\"]",
      "instances": [
        {
          "schema_version": 0,
          "attributes": {
            "async_primary_disk": [],
            "creation_timestamp": "2025-03-06T11:45:58.945-08:00",
            "description": "",
            "disk_encryption_key": [],
            "guest_os_features": [
              {
                "type": "GVNIC"
              },
              {
                "type": "UEFI_COMPATIBLE"
              },
              {
                "type": "VIRTIO_SCSI_MULTIQUEUE"
              }
            ],
            "id": "projects/xpla-371616/zones/us-central1-a/disks/xpla002",
            "image": "https://www.googleapis.com/compute/v1/projects/debian-cloud/global/images/debian-11-bullseye-v20250212",
            "label_fingerprint": "42WmSpB8rSM=",
            "labels": null,
            "last_attach_timestamp": "",
            "last_detach_timestamp": "",
            "licenses": [
              "https://www.googleapis.com/compute/v1/projects/debian-cloud/global/licenses/debian-11-bullseye"
            ],
            "name": "xpla002",
            "physical_block_size_bytes": 4096,
            "project": "xpla-371616",
            "provisioned_iops": 0,
            "provisioned_throughput": 0,
            "self_link": "https://www.googleapis.com/compute/v1/projects/xpla-371616/zones/us-central1-a/disks/xpla002",
            "size": 10,
            "snapshot": "",
            "source_disk": "",
            "source_disk_id": "",
            "source_image_encryption_key": [],
            "source_image_id": "8389770204074463087",
            "source_snapshot_encryption_key": [],
            "source_snapshot_id": "",
            "timeouts": null,
            "type": "pd-standard",
            "users": [],
            "zone": "us-central1-a"
          },
          "sensitive_attributes": [],
          "private": "eyJlMmJmYjczMC1lY2FhLTExZTYtOGY4OC0zNDM2M2JjN2M0YzAiOnsiY3JlYXRlIjoxMjAwMDAwMDAwMDAwLCJkZWxldGUiOjEyMDAwMDAwMDAwMDAsInVwZGF0ZSI6MTIwMDAwMDAwMDAwMH19"
        }
      ]
    },
    {
      "mode": "managed",
      "type": "google_compute_firewall",
      "name": "xpla_firewall",
      "provider": "provider[\"registry.terraform.io/hashicorp/google\"]",
      "instances": [
        {
          "schema_version": 1,
          "attributes": {
            "allow": [
              {
                "ports": [
                  "8545",
                  "9090",
                  "26656",
                  "26657"
                ],
                "protocol": "tcp"
              }
            ],
            "creation_timestamp": "2025-03-06T11:45:58.670-08:00",
            "deny": [],
            "description": "",
            "destination_ranges": [],
            "direction": "INGRESS",
            "disabled": false,
            "enable_logging": null,
            "id": "projects/xpla-371616/global/firewalls/allow-xpla-ports",
            "log_config": [],
            "name": "allow-xpla-ports",
            "network": "https://www.googleapis.com/compute/v1/projects/xpla-371616/global/networks/default",
            "priority": 1000,
            "project": "xpla-371616",
            "self_link": "https://www.googleapis.com/compute/v1/projects/xpla-371616/global/firewalls/allow-xpla-ports",
            "source_ranges": [
              "0.0.0.0/0"
            ],
            "source_service_accounts": null,
            "source_tags": null,
            "target_service_accounts": null,
            "target_tags": [
              "rpc"
            ],
            "timeouts": null
          },
          "sensitive_attributes": [],
          "private": "eyJlMmJmYjczMC1lY2FhLTExZTYtOGY4OC0zNDM2M2JjN2M0YzAiOnsiY3JlYXRlIjoxMjAwMDAwMDAwMDAwLCJkZWxldGUiOjEyMDAwMDAwMDAwMDAsInVwZGF0ZSI6MTIwMDAwMDAwMDAwMH0sInNjaGVtYV92ZXJzaW9uIjoiMSJ9"
        }
      ]
    }
  ],
  "check_results": null
}
